
Microsoft Visual Studio Solution File, Format Version 12.00
# Visual Studio Version 16
VisualStudioVersion = 16.0.30204.135
MinimumVisualStudioVersion = 10.0.40219.1
Project("{FAE04EC0-301F-11D3-BF4B-00C04F79EFBC}") = "HW_19_7", "HW_19_7\HW_19_7.csproj", "{30C77A47-08FB-4D3B-A16D-E5433B5B0AEA}"
EndProject
Global
	GlobalSection(SolutionConfigurationPlatforms) = preSolution
		Debug|Any CPU = Debug|Any CPU
		Release|Any CPU = Release|Any CPU
	EndGlobalSection
	GlobalSection(ProjectConfigurationPlatforms) = postSolution
		{30C77A47-08FB-4D3B-A16D-E5433B5B0AEA}.Debug|Any CPU.ActiveCfg = Debug|Any CPU
		{30C77A47-08FB-4D3B-A16D-E5433B5B0AEA}.Debug|Any CPU.Build.0 = Debug|Any CPU
		{30C77A47-08FB-4D3B-A16D-E5433B5B0AEA}.Release|Any CPU.ActiveCfg = Release|Any CPU
		{30C77A47-08FB-4D3B-A16D-E5433B5B0AEA}.Release|Any CPU.Build.0 = Release|Any CPU
	EndGlobalSection
	GlobalSection(SolutionProperties) = preSolution
		HideSolutionNode = FALSE
	EndGlobalSection
	GlobalSection(ExtensibilityGlobals) = postSolution
		SolutionGuid = {BB8925F0-C96E-4512-93E7-14B96AE349C1}
	EndGlobalSection
EndGlobal
