
Microsoft Visual Studio Solution File, Format Version 12.00
# Visual Studio Version 16
VisualStudioVersion = 16.0.30204.135
MinimumVisualStudioVersion = 10.0.40219.1
Project("{FAE04EC0-301F-11D3-BF4B-00C04F79EFBC}") = "HW_7_15", "HW_7_15\HW_7_15.csproj", "{9C96290F-F3E6-4D9F-9369-892F71101D28}"
EndProject
Global
	GlobalSection(SolutionConfigurationPlatforms) = preSolution
		Debug|Any CPU = Debug|Any CPU
		Release|Any CPU = Release|Any CPU
	EndGlobalSection
	GlobalSection(ProjectConfigurationPlatforms) = postSolution
		{9C96290F-F3E6-4D9F-9369-892F71101D28}.Debug|Any CPU.ActiveCfg = Debug|Any CPU
		{9C96290F-F3E6-4D9F-9369-892F71101D28}.Debug|Any CPU.Build.0 = Debug|Any CPU
		{9C96290F-F3E6-4D9F-9369-892F71101D28}.Release|Any CPU.ActiveCfg = Release|Any CPU
		{9C96290F-F3E6-4D9F-9369-892F71101D28}.Release|Any CPU.Build.0 = Release|Any CPU
	EndGlobalSection
	GlobalSection(SolutionProperties) = preSolution
		HideSolutionNode = FALSE
	EndGlobalSection
	GlobalSection(ExtensibilityGlobals) = postSolution
		SolutionGuid = {33E4BD36-5E93-4511-8EBA-06B919F34A8F}
	EndGlobalSection
EndGlobal
